// !$*UTF8*$!
{
	archiveVersion = 1;
	classes = {
	};
	objectVersion = 48;
	objects = {

/* Begin PBXBuildFile section */
		D41E58832025CF5200D70A10 /* AppDelegate.swift in Sources */ = {isa = PBXBuildFile; fileRef = D41E58822025CF5200D70A10 /* AppDelegate.swift */; };
		D41E58882025CF5200D70A10 /* Main.storyboard in Resources */ = {isa = PBXBuildFile; fileRef = D41E58862025CF5200D70A10 /* Main.storyboard */; };
		D41E588A2025CF5200D70A10 /* Assets.xcassets in Resources */ = {isa = PBXBuildFile; fileRef = D41E58892025CF5200D70A10 /* Assets.xcassets */; };
		D41E588D2025CF5200D70A10 /* LaunchScreen.storyboard in Resources */ = {isa = PBXBuildFile; fileRef = D41E588B2025CF5200D70A10 /* LaunchScreen.storyboard */; };
		D41E58972025DBC700D70A10 /* ProtocolImplementationwithExtension.swift in Sources */ = {isa = PBXBuildFile; fileRef = D41E58962025DBC700D70A10 /* ProtocolImplementationwithExtension.swift */; };
		D4232B41202E04010053546C /* FirstSampleViewController.swift in Sources */ = {isa = PBXBuildFile; fileRef = D4232B40202E04010053546C /* FirstSampleViewController.swift */; };
		D4232B43202E04680053546C /* SecondSampleViewController.swift in Sources */ = {isa = PBXBuildFile; fileRef = D4232B42202E04680053546C /* SecondSampleViewController.swift */; };
		D47D35A92026216C00607B0D /* SceneSelectCell.xib in Resources */ = {isa = PBXBuildFile; fileRef = D47D35A82026216C00607B0D /* SceneSelectCell.xib */; };
		D47D35AD202623AF00607B0D /* SceneSelectCellView.swift in Sources */ = {isa = PBXBuildFile; fileRef = D47D35AC202623AF00607B0D /* SceneSelectCellView.swift */; };
		D488337F202FF893004460C9 /* CharacterStatus.swift in Sources */ = {isa = PBXBuildFile; fileRef = D488337E202FF893004460C9 /* CharacterStatus.swift */; };
/* End PBXBuildFile section */

/* Begin PBXFileReference section */
		D40BBB4D2033139D0011F739 /* SuporterzColab.playground */ = {isa = PBXFileReference; lastKnownFileType = file.playground; path = SuporterzColab.playground; sourceTree = SOURCE_ROOT; xcLanguageSpecificationIdentifier = xcode.lang.swift; };
		D41E587F2025CF5200D70A10 /* IntroductionSwift-SuporterzColab.app */ = {isa = PBXFileReference; explicitFileType = wrapper.application; includeInIndex = 0; path = "IntroductionSwift-SuporterzColab.app"; sourceTree = BUILT_PRODUCTS_DIR; };
		D41E58822025CF5200D70A10 /* AppDelegate.swift */ = {isa = PBXFileReference; lastKnownFileType = sourcecode.swift; path = AppDelegate.swift; sourceTree = "<group>"; };
		D41E58872025CF5200D70A10 /* Base */ = {isa = PBXFileReference; lastKnownFileType = file.storyboard; name = Base; path = Base.lproj/Main.storyboard; sourceTree = "<group>"; };
		D41E58892025CF5200D70A10 /* Assets.xcassets */ = {isa = PBXFileReference; lastKnownFileType = folder.assetcatalog; path = Assets.xcassets; sourceTree = "<group>"; };
		D41E588C2025CF5200D70A10 /* Base */ = {isa = PBXFileReference; lastKnownFileType = file.storyboard; name = Base; path = Base.lproj/LaunchScreen.storyboard; sourceTree = "<group>"; };
		D41E588E2025CF5200D70A10 /* Info.plist */ = {isa = PBXFileReference; lastKnownFileType = text.plist.xml; path = Info.plist; sourceTree = "<group>"; };
		D41E58962025DBC700D70A10 /* ProtocolImplementationwithExtension.swift */ = {isa = PBXFileReference; lastKnownFileType = sourcecode.swift; path = ProtocolImplementationwithExtension.swift; sourceTree = "<group>"; };
		D4232B40202E04010053546C /* FirstSampleViewController.swift */ = {isa = PBXFileReference; lastKnownFileType = sourcecode.swift; path = FirstSampleViewController.swift; sourceTree = "<group>"; };
		D4232B42202E04680053546C /* SecondSampleViewController.swift */ = {isa = PBXFileReference; lastKnownFileType = sourcecode.swift; path = SecondSampleViewController.swift; sourceTree = "<group>"; };
		D47D35A82026216C00607B0D /* SceneSelectCell.xib */ = {isa = PBXFileReference; lastKnownFileType = file.xib; path = SceneSelectCell.xib; sourceTree = "<group>"; };
		D47D35AC202623AF00607B0D /* SceneSelectCellView.swift */ = {isa = PBXFileReference; lastKnownFileType = sourcecode.swift; path = SceneSelectCellView.swift; sourceTree = "<group>"; };
		D488337E202FF893004460C9 /* CharacterStatus.swift */ = {isa = PBXFileReference; lastKnownFileType = sourcecode.swift; path = CharacterStatus.swift; sourceTree = "<group>"; };
/* End PBXFileReference section */

/* Begin PBXFrameworksBuildPhase section */
		D41E587C2025CF5100D70A10 /* Frameworks */ = {
			isa = PBXFrameworksBuildPhase;
			buildActionMask = 2147483647;
			files = (
			);
			runOnlyForDeploymentPostprocessing = 0;
		};
/* End PBXFrameworksBuildPhase section */

/* Begin PBXGroup section */
		D41E58762025CF5100D70A10 = {
			isa = PBXGroup;
			children = (
				D41E58812025CF5200D70A10 /* IntroductionSwift-SuporterzColab */,
				D41E58802025CF5200D70A10 /* Products */,
			);
			sourceTree = "<group>";
		};
		D41E58802025CF5200D70A10 /* Products */ = {
			isa = PBXGroup;
			children = (
				D41E587F2025CF5200D70A10 /* IntroductionSwift-SuporterzColab.app */,
			);
			name = Products;
			sourceTree = "<group>";
		};
		D41E58812025CF5200D70A10 /* IntroductionSwift-SuporterzColab */ = {
			isa = PBXGroup;
			children = (
				D40BBB4D2033139D0011F739 /* SuporterzColab.playground */,
				D41E58822025CF5200D70A10 /* AppDelegate.swift */,
				D41E58962025DBC700D70A10 /* ProtocolImplementationwithExtension.swift */,
				D47D35A82026216C00607B0D /* SceneSelectCell.xib */,
				D4232B40202E04010053546C /* FirstSampleViewController.swift */,
				D4232B42202E04680053546C /* SecondSampleViewController.swift */,
				D488337E202FF893004460C9 /* CharacterStatus.swift */,
				D47D35AC202623AF00607B0D /* SceneSelectCellView.swift */,
				D41E58862025CF5200D70A10 /* Main.storyboard */,
				D41E58892025CF5200D70A10 /* Assets.xcassets */,
				D41E588B2025CF5200D70A10 /* LaunchScreen.storyboard */,
				D41E588E2025CF5200D70A10 /* Info.plist */,
			);
			path = "IntroductionSwift-SuporterzColab";
			sourceTree = "<group>";
		};
/* End PBXGroup section */

/* Begin PBXNativeTarget section */
		D41E587E2025CF5100D70A10 /* IntroductionSwift-SuporterzColab */ = {
			isa = PBXNativeTarget;
			buildConfigurationList = D41E58912025CF5200D70A10 /* Build configuration list for PBXNativeTarget "IntroductionSwift-SuporterzColab" */;
			buildPhases = (
				D41E587B2025CF5100D70A10 /* Sources */,
				D41E587C2025CF5100D70A10 /* Frameworks */,
				D41E587D2025CF5100D70A10 /* Resources */,
			);
			buildRules = (
			);
			dependencies = (
			);
			name = "IntroductionSwift-SuporterzColab";
			productName = "IntroductionSwift-SuporterzColab";
			productReference = D41E587F2025CF5200D70A10 /* IntroductionSwift-SuporterzColab.app */;
			productType = "com.apple.product-type.application";
		};
/* End PBXNativeTarget section */

/* Begin PBXProject section */
		D41E58772025CF5100D70A10 /* Project object */ = {
			isa = PBXProject;
			attributes = {
				LastSwiftUpdateCheck = 0900;
				LastUpgradeCheck = 0900;
				ORGANIZATIONNAME = kazuki.ito;
				TargetAttributes = {
					D41E587E2025CF5100D70A10 = {
						CreatedOnToolsVersion = 9.0;
						ProvisioningStyle = Automatic;
					};
				};
			};
			buildConfigurationList = D41E587A2025CF5100D70A10 /* Build configuration list for PBXProject "IntroductionSwift-SuporterzColab" */;
			compatibilityVersion = "Xcode 8.0";
			developmentRegion = en;
			hasScannedForEncodings = 0;
			knownRegions = (
				en,
				Base,
			);
			mainGroup = D41E58762025CF5100D70A10;
			productRefGroup = D41E58802025CF5200D70A10 /* Products */;
			projectDirPath = "";
			projectRoot = "";
			targets = (
				D41E587E2025CF5100D70A10 /* IntroductionSwift-SuporterzColab */,
			);
		};
/* End PBXProject section */

/* Begin PBXResourcesBuildPhase section */
		D41E587D2025CF5100D70A10 /* Resources */ = {
			isa = PBXResourcesBuildPhase;
			buildActionMask = 2147483647;
			files = (
				D41E588D2025CF5200D70A10 /* LaunchScreen.storyboard in Resources */,
				D41E588A2025CF5200D70A10 /* Assets.xcassets in Resources */,
				D47D35A92026216C00607B0D /* SceneSelectCell.xib in Resources */,
				D41E58882025CF5200D70A10 /* Main.storyboard in Resources */,
			);
			runOnlyForDeploymentPostprocessing = 0;
		};
/* End PBXResourcesBuildPhase section */

/* Begin PBXSourcesBuildPhase section */
		D41E587B2025CF5100D70A10 /* Sources */ = {
			isa = PBXSourcesBuildPhase;
			buildActionMask = 2147483647;
			files = (
				D4232B41202E04010053546C /* FirstSampleViewController.swift in Sources */,
				D4232B43202E04680053546C /* SecondSampleViewController.swift in Sources */,
				D41E58972025DBC700D70A10 /* ProtocolImplementationwithExtension.swift in Sources */,
				D488337F202FF893004460C9 /* CharacterStatus.swift in Sources */,
				D47D35AD202623AF00607B0D /* SceneSelectCellView.swift in Sources */,
				D41E58832025CF5200D70A10 /* AppDelegate.swift in Sources */,
			);
			runOnlyForDeploymentPostprocessing = 0;
		};
/* End PBXSourcesBuildPhase section */

/* Begin PBXVariantGroup section */
		D41E58862025CF5200D70A10 /* Main.storyboard */ = {
			isa = PBXVariantGroup;
			children = (
				D41E58872025CF5200D70A10 /* Base */,
			);
			name = Main.storyboard;
			sourceTree = "<group>";
		};
		D41E588B2025CF5200D70A10 /* LaunchScreen.storyboard */ = {
			isa = PBXVariantGroup;
			children = (
				D41E588C2025CF5200D70A10 /* Base */,
			);
			name = LaunchScreen.storyboard;
			sourceTree = "<group>";
		};
/* End PBXVariantGroup section */

/* Begin XCBuildConfiguration section */
		D41E588F2025CF5200D70A10 /* Debug */ = {
			isa = XCBuildConfiguration;
			buildSettings = {
				ALWAYS_SEARCH_USER_PATHS = NO;
				CLANG_ANALYZER_NONNULL = YES;
				CLANG_ANALYZER_NUMBER_OBJECT_CONVERSION = YES_AGGRESSIVE;
				CLANG_CXX_LANGUAGE_STANDARD = "gnu++14";
				CLANG_CXX_LIBRARY = "libc++";
				CLANG_ENABLE_MODULES = YES;
				CLANG_ENABLE_OBJC_ARC = YES;
				CLANG_WARN_BLOCK_CAPTURE_AUTORELEASING = YES;
				CLANG_WARN_BOOL_CONVERSION = YES;
				CLANG_WARN_COMMA = YES;
				CLANG_WARN_CONSTANT_CONVERSION = YES;
				CLANG_WARN_DIRECT_OBJC_ISA_USAGE = YES_ERROR;
				CLANG_WARN_DOCUMENTATION_COMMENTS = YES;
				CLANG_WARN_EMPTY_BODY = YES;
				CLANG_WARN_ENUM_CONVERSION = YES;
				CLANG_WARN_INFINITE_RECURSION = YES;
				CLANG_WARN_INT_CONVERSION = YES;
				CLANG_WARN_NON_LITERAL_NULL_CONVERSION = YES;
				CLANG_WARN_OBJC_LITERAL_CONVERSION = YES;
				CLANG_WARN_OBJC_ROOT_CLASS = YES_ERROR;
				CLANG_WARN_RANGE_LOOP_ANALYSIS = YES;
				CLANG_WARN_STRICT_PROTOTYPES = YES;
				CLANG_WARN_SUSPICIOUS_MOVE = YES;
				CLANG_WARN_UNGUARDED_AVAILABILITY = YES_AGGRESSIVE;
				CLANG_WARN_UNREACHABLE_CODE = YES;
				CLANG_WARN__DUPLICATE_METHOD_MATCH = YES;
				CODE_SIGN_IDENTITY = "iPhone Developer";
				COPY_PHASE_STRIP = NO;
				DEBUG_INFORMATION_FORMAT = dwarf;
				ENABLE_STRICT_OBJC_MSGSEND = YES;
				ENABLE_TESTABILITY = YES;
				GCC_C_LANGUAGE_STANDARD = gnu11;
				GCC_DYNAMIC_NO_PIC = NO;
				GCC_NO_COMMON_BLOCKS = YES;
				GCC_OPTIMIZATION_LEVEL = 0;
				GCC_PREPROCESSOR_DEFINITIONS = (
					"DEBUG=1",
					"$(inherited)",
				);
				GCC_WARN_64_TO_32_BIT_CONVERSION = YES;
				GCC_WARN_ABOUT_RETURN_TYPE = YES_ERROR;
				GCC_WARN_UNDECLARED_SELECTOR = YES;
				GCC_WARN_UNINITIALIZED_AUTOS = YES_AGGRESSIVE;
				GCC_WARN_UNUSED_FUNCTION = YES;
				GCC_WARN_UNUSED_VARIABLE = YES;
				IPHONEOS_DEPLOYMENT_TARGET = 11.0;
				MTL_ENABLE_DEBUG_INFO = YES;
				ONLY_ACTIVE_ARCH = YES;
				SDKROOT = iphoneos;
				SWIFT_ACTIVE_COMPILATION_CONDITIONS = DEBUG;
				SWIFT_OPTIMIZATION_LEVEL = "-Onone";
			};
			name = Debug;
		};
		D41E58902025CF5200D70A10 /* Release */ = {
			isa = XCBuildConfiguration;
			buildSettings = {
				ALWAYS_SEARCH_USER_PATHS = NO;
				CLANG_ANALYZER_NONNULL = YES;
				CLANG_ANALYZER_NUMBER_OBJECT_CONVERSION = YES_AGGRESSIVE;
				CLANG_CXX_LANGUAGE_STANDARD = "gnu++14";
				CLANG_CXX_LIBRARY = "libc++";
				CLANG_ENABLE_MODULES = YES;
				CLANG_ENABLE_OBJC_ARC = YES;
				CLANG_WARN_BLOCK_CAPTURE_AUTORELEASING = YES;
				CLANG_WARN_BOOL_CONVERSION = YES;
				CLANG_WARN_COMMA = YES;
				CLANG_WARN_CONSTANT_CONVERSION = YES;
				CLANG_WARN_DIRECT_OBJC_ISA_USAGE = YES_ERROR;
				CLANG_WARN_DOCUMENTATION_COMMENTS = YES;
				CLANG_WARN_EMPTY_BODY = YES;
				CLANG_WARN_ENUM_CONVERSION = YES;
				CLANG_WARN_INFINITE_RECURSION = YES;
				CLANG_WARN_INT_CONVERSION = YES;
				CLANG_WARN_NON_LITERAL_NULL_CONVERSION = YES;
				CLANG_WARN_OBJC_LITERAL_CONVERSION = YES;
				CLANG_WARN_OBJC_ROOT_CLASS = YES_ERROR;
				CLANG_WARN_RANGE_LOOP_ANALYSIS = YES;
				CLANG_WARN_STRICT_PROTOTYPES = YES;
				CLANG_WARN_SUSPICIOUS_MOVE = YES;
				CLANG_WARN_UNGUARDED_AVAILABILITY = YES_AGGRESSIVE;
				CLANG_WARN_UNREACHABLE_CODE = YES;
				CLANG_WARN__DUPLICATE_METHOD_MATCH = YES;
				CODE_SIGN_IDENTITY = "iPhone Developer";
				COPY_PHASE_STRIP = NO;
				DEBUG_INFORMATION_FORMAT = "dwarf-with-dsym";
				ENABLE_NS_ASSERTIONS = NO;
				ENABLE_STRICT_OBJC_MSGSEND = YES;
				GCC_C_LANGUAGE_STANDARD = gnu11;
				GCC_NO_COMMON_BLOCKS = YES;
				GCC_WARN_64_TO_32_BIT_CONVERSION = YES;
				GCC_WARN_ABOUT_RETURN_TYPE = YES_ERROR;
				GCC_WARN_UNDECLARED_SELECTOR = YES;
				GCC_WARN_UNINITIALIZED_AUTOS = YES_AGGRESSIVE;
				GCC_WARN_UNUSED_FUNCTION = YES;
				GCC_WARN_UNUSED_VARIABLE = YES;
				IPHONEOS_DEPLOYMENT_TARGET = 11.0;
				MTL_ENABLE_DEBUG_INFO = NO;
				SDKROOT = iphoneos;
				SWIFT_OPTIMIZATION_LEVEL = "-Owholemodule";
				VALIDATE_PRODUCT = YES;
			};
			name = Release;
		};
		D41E58922025CF5200D70A10 /* Debug */ = {
			isa = XCBuildConfiguration;
			buildSettings = {
				ASSETCATALOG_COMPILER_APPICON_NAME = AppIcon;
				CODE_SIGN_STYLE = Automatic;
				DEVELOPMENT_TEAM = 5JA8478R74;
				INFOPLIST_FILE = "IntroductionSwift-SuporterzColab/Info.plist";
				LD_RUNPATH_SEARCH_PATHS = "$(inherited) @executable_path/Frameworks";
				PRODUCT_BUNDLE_IDENTIFIER = "jp.united.kazuki-ito..IntroductionSwift-SuporterzColab";
				PRODUCT_NAME = "$(TARGET_NAME)";
				SWIFT_VERSION = 4.0;
				TARGETED_DEVICE_FAMILY = "1,2";
			};
			name = Debug;
		};
		D41E58932025CF5200D70A10 /* Release */ = {
			isa = XCBuildConfiguration;
			buildSettings = {
				ASSETCATALOG_COMPILER_APPICON_NAME = AppIcon;
				CODE_SIGN_STYLE = Automatic;
				DEVELOPMENT_TEAM = 5JA8478R74;
				INFOPLIST_FILE = "IntroductionSwift-SuporterzColab/Info.plist";
				LD_RUNPATH_SEARCH_PATHS = "$(inherited) @executable_path/Frameworks";
				PRODUCT_BUNDLE_IDENTIFIER = "jp.united.kazuki-ito..IntroductionSwift-SuporterzColab";
				PRODUCT_NAME = "$(TARGET_NAME)";
				SWIFT_VERSION = 4.0;
				TARGETED_DEVICE_FAMILY = "1,2";
			};
			name = Release;
		};
/* End XCBuildConfiguration section */

/* Begin XCConfigurationList section */
		D41E587A2025CF5100D70A10 /* Build configuration list for PBXProject "IntroductionSwift-SuporterzColab" */ = {
			isa = XCConfigurationList;
			buildConfigurations = (
				D41E588F2025CF5200D70A10 /* Debug */,
				D41E58902025CF5200D70A10 /* Release */,
			);
			defaultConfigurationIsVisible = 0;
			defaultConfigurationName = Release;
		};
		D41E58912025CF5200D70A10 /* Build configuration list for PBXNativeTarget "IntroductionSwift-SuporterzColab" */ = {
			isa = XCConfigurationList;
			buildConfigurations = (
				D41E58922025CF5200D70A10 /* Debug */,
				D41E58932025CF5200D70A10 /* Release */,
			);
			defaultConfigurationIsVisible = 0;
			defaultConfigurationName = Release;
		};
/* End XCConfigurationList section */
	};
	rootObject = D41E58772025CF5100D70A10 /* Project object */;
}
